// !$*UTF8*$!
{
	archiveVersion = 1;
	classes = {
	};
	objectVersion = 46;
	objects = {

/* Begin PBXBuildFile section */
		F92478C31D09DFEE00C137D8 /* ProductCollectionViewController.swift in Sources */ = {isa = PBXBuildFile; fileRef = F92478C21D09DFEE00C137D8 /* ProductCollectionViewController.swift */; };
		F92478C71D09E5CF00C137D8 /* CollectionViewController.swift in Sources */ = {isa = PBXBuildFile; fileRef = F92478C61D09E5CF00C137D8 /* CollectionViewController.swift */; };
		F92478C91D09E74300C137D8 /* CustomCell.swift in Sources */ = {isa = PBXBuildFile; fileRef = F92478C81D09E74300C137D8 /* CustomCell.swift */; };
		F9FCED451D0854E3003BCE81 /* AppDelegate.swift in Sources */ = {isa = PBXBuildFile; fileRef = F9FCED441D0854E3003BCE81 /* AppDelegate.swift */; };
		F9FCED4A1D0854E3003BCE81 /* Main.storyboard in Resources */ = {isa = PBXBuildFile; fileRef = F9FCED481D0854E3003BCE81 /* Main.storyboard */; };
		F9FCED4C1D0854E3003BCE81 /* Assets.xcassets in Resources */ = {isa = PBXBuildFile; fileRef = F9FCED4B1D0854E3003BCE81 /* Assets.xcassets */; };
		F9FCED4F1D0854E3003BCE81 /* LaunchScreen.storyboard in Resources */ = {isa = PBXBuildFile; fileRef = F9FCED4D1D0854E3003BCE81 /* LaunchScreen.storyboard */; };
		F9FCED5A1D0854E3003BCE81 /* DiscountAsciiWarehouseTests.swift in Sources */ = {isa = PBXBuildFile; fileRef = F9FCED591D0854E3003BCE81 /* DiscountAsciiWarehouseTests.swift */; };
		F9FCED651D0854E3003BCE81 /* DiscountAsciiWarehouseUITests.swift in Sources */ = {isa = PBXBuildFile; fileRef = F9FCED641D0854E3003BCE81 /* DiscountAsciiWarehouseUITests.swift */; };
		F9FCED731D0855D0003BCE81 /* ProductDownloader.swift in Sources */ = {isa = PBXBuildFile; fileRef = F9FCED721D0855D0003BCE81 /* ProductDownloader.swift */; };
		F9FCED751D085755003BCE81 /* Product.swift in Sources */ = {isa = PBXBuildFile; fileRef = F9FCED741D085755003BCE81 /* Product.swift */; };
		F9FCED771D08A6E2003BCE81 /* ProductResponseDelegate.swift in Sources */ = {isa = PBXBuildFile; fileRef = F9FCED761D08A6E2003BCE81 /* ProductResponseDelegate.swift */; };
/* End PBXBuildFile section */

/* Begin PBXContainerItemProxy section */
		F9FCED561D0854E3003BCE81 /* PBXContainerItemProxy */ = {
			isa = PBXContainerItemProxy;
			containerPortal = F9FCED391D0854E3003BCE81 /* Project object */;
			proxyType = 1;
			remoteGlobalIDString = F9FCED401D0854E3003BCE81;
			remoteInfo = DiscountAsciiWarehouse;
		};
		F9FCED611D0854E3003BCE81 /* PBXContainerItemProxy */ = {
			isa = PBXContainerItemProxy;
			containerPortal = F9FCED391D0854E3003BCE81 /* Project object */;
			proxyType = 1;
			remoteGlobalIDString = F9FCED401D0854E3003BCE81;
			remoteInfo = DiscountAsciiWarehouse;
		};
/* End PBXContainerItemProxy section */

/* Begin PBXFileReference section */
		F92478C21D09DFEE00C137D8 /* ProductCollectionViewController.swift */ = {isa = PBXFileReference; fileEncoding = 4; lastKnownFileType = sourcecode.swift; path = ProductCollectionViewController.swift; sourceTree = "<group>"; };
		F92478C61D09E5CF00C137D8 /* CollectionViewController.swift */ = {isa = PBXFileReference; fileEncoding = 4; lastKnownFileType = sourcecode.swift; path = CollectionViewController.swift; sourceTree = "<group>"; };
		F92478C81D09E74300C137D8 /* CustomCell.swift */ = {isa = PBXFileReference; fileEncoding = 4; lastKnownFileType = sourcecode.swift; path = CustomCell.swift; sourceTree = "<group>"; };
		F9FCED411D0854E3003BCE81 /* DiscountAsciiWarehouse.app */ = {isa = PBXFileReference; explicitFileType = wrapper.application; includeInIndex = 0; path = DiscountAsciiWarehouse.app; sourceTree = BUILT_PRODUCTS_DIR; };
		F9FCED441D0854E3003BCE81 /* AppDelegate.swift */ = {isa = PBXFileReference; lastKnownFileType = sourcecode.swift; path = AppDelegate.swift; sourceTree = "<group>"; };
		F9FCED491D0854E3003BCE81 /* Base */ = {isa = PBXFileReference; lastKnownFileType = file.storyboard; name = Base; path = Base.lproj/Main.storyboard; sourceTree = "<group>"; };
		F9FCED4B1D0854E3003BCE81 /* Assets.xcassets */ = {isa = PBXFileReference; lastKnownFileType = folder.assetcatalog; path = Assets.xcassets; sourceTree = "<group>"; };
		F9FCED4E1D0854E3003BCE81 /* Base */ = {isa = PBXFileReference; lastKnownFileType = file.storyboard; name = Base; path = Base.lproj/LaunchScreen.storyboard; sourceTree = "<group>"; };
		F9FCED501D0854E3003BCE81 /* Info.plist */ = {isa = PBXFileReference; lastKnownFileType = text.plist.xml; path = Info.plist; sourceTree = "<group>"; };
		F9FCED551D0854E3003BCE81 /* DiscountAsciiWarehouseTests.xctest */ = {isa = PBXFileReference; explicitFileType = wrapper.cfbundle; includeInIndex = 0; path = DiscountAsciiWarehouseTests.xctest; sourceTree = BUILT_PRODUCTS_DIR; };
		F9FCED591D0854E3003BCE81 /* DiscountAsciiWarehouseTests.swift */ = {isa = PBXFileReference; lastKnownFileType = sourcecode.swift; path = DiscountAsciiWarehouseTests.swift; sourceTree = "<group>"; };
		F9FCED5B1D0854E3003BCE81 /* Info.plist */ = {isa = PBXFileReference; lastKnownFileType = text.plist.xml; path = Info.plist; sourceTree = "<group>"; };
		F9FCED601D0854E3003BCE81 /* DiscountAsciiWarehouseUITests.xctest */ = {isa = PBXFileReference; explicitFileType = wrapper.cfbundle; includeInIndex = 0; path = DiscountAsciiWarehouseUITests.xctest; sourceTree = BUILT_PRODUCTS_DIR; };
		F9FCED641D0854E3003BCE81 /* DiscountAsciiWarehouseUITests.swift */ = {isa = PBXFileReference; lastKnownFileType = sourcecode.swift; path = DiscountAsciiWarehouseUITests.swift; sourceTree = "<group>"; };
		F9FCED661D0854E3003BCE81 /* Info.plist */ = {isa = PBXFileReference; lastKnownFileType = text.plist.xml; path = Info.plist; sourceTree = "<group>"; };
		F9FCED721D0855D0003BCE81 /* ProductDownloader.swift */ = {isa = PBXFileReference; fileEncoding = 4; lastKnownFileType = sourcecode.swift; path = ProductDownloader.swift; sourceTree = "<group>"; };
		F9FCED741D085755003BCE81 /* Product.swift */ = {isa = PBXFileReference; fileEncoding = 4; lastKnownFileType = sourcecode.swift; path = Product.swift; sourceTree = "<group>"; };
		F9FCED761D08A6E2003BCE81 /* ProductResponseDelegate.swift */ = {isa = PBXFileReference; fileEncoding = 4; lastKnownFileType = sourcecode.swift; path = ProductResponseDelegate.swift; sourceTree = "<group>"; };
/* End PBXFileReference section */

/* Begin PBXFrameworksBuildPhase section */
		F9FCED3E1D0854E3003BCE81 /* Frameworks */ = {
			isa = PBXFrameworksBuildPhase;
			buildActionMask = 2147483647;
			files = (
			);
			runOnlyForDeploymentPostprocessing = 0;
		};
		F9FCED521D0854E3003BCE81 /* Frameworks */ = {
			isa = PBXFrameworksBuildPhase;
			buildActionMask = 2147483647;
			files = (
			);
			runOnlyForDeploymentPostprocessing = 0;
		};
		F9FCED5D1D0854E3003BCE81 /* Frameworks */ = {
			isa = PBXFrameworksBuildPhase;
			buildActionMask = 2147483647;
			files = (
			);
			runOnlyForDeploymentPostprocessing = 0;
		};
/* End PBXFrameworksBuildPhase section */

/* Begin PBXGroup section */
		F9FCED381D0854E3003BCE81 = {
			isa = PBXGroup;
			children = (
				F9FCED431D0854E3003BCE81 /* DiscountAsciiWarehouse */,
				F9FCED581D0854E3003BCE81 /* DiscountAsciiWarehouseTests */,
				F9FCED631D0854E3003BCE81 /* DiscountAsciiWarehouseUITests */,
				F9FCED421D0854E3003BCE81 /* Products */,
			);
			sourceTree = "<group>";
		};
		F9FCED421D0854E3003BCE81 /* Products */ = {
			isa = PBXGroup;
			children = (
				F9FCED411D0854E3003BCE81 /* DiscountAsciiWarehouse.app */,
				F9FCED551D0854E3003BCE81 /* DiscountAsciiWarehouseTests.xctest */,
				F9FCED601D0854E3003BCE81 /* DiscountAsciiWarehouseUITests.xctest */,
			);
			name = Products;
			sourceTree = "<group>";
		};
		F9FCED431D0854E3003BCE81 /* DiscountAsciiWarehouse */ = {
			isa = PBXGroup;
			children = (
				F9FCED441D0854E3003BCE81 /* AppDelegate.swift */,
				F9FCED481D0854E3003BCE81 /* Main.storyboard */,
				F9FCED4B1D0854E3003BCE81 /* Assets.xcassets */,
				F9FCED4D1D0854E3003BCE81 /* LaunchScreen.storyboard */,
				F9FCED501D0854E3003BCE81 /* Info.plist */,
				F9FCED721D0855D0003BCE81 /* ProductDownloader.swift */,
				F9FCED741D085755003BCE81 /* Product.swift */,
				F9FCED761D08A6E2003BCE81 /* ProductResponseDelegate.swift */,
				F92478C21D09DFEE00C137D8 /* ProductCollectionViewController.swift */,
				F92478C61D09E5CF00C137D8 /* CollectionViewController.swift */,
				F92478C81D09E74300C137D8 /* CustomCell.swift */,
			);
			path = DiscountAsciiWarehouse;
			sourceTree = "<group>";
		};
		F9FCED581D0854E3003BCE81 /* DiscountAsciiWarehouseTests */ = {
			isa = PBXGroup;
			children = (
				F9FCED591D0854E3003BCE81 /* DiscountAsciiWarehouseTests.swift */,
				F9FCED5B1D0854E3003BCE81 /* Info.plist */,
			);
			path = DiscountAsciiWarehouseTests;
			sourceTree = "<group>";
		};
		F9FCED631D0854E3003BCE81 /* DiscountAsciiWarehouseUITests */ = {
			isa = PBXGroup;
			children = (
				F9FCED641D0854E3003BCE81 /* DiscountAsciiWarehouseUITests.swift */,
				F9FCED661D0854E3003BCE81 /* Info.plist */,
			);
			path = DiscountAsciiWarehouseUITests;
			sourceTree = "<group>";
		};
/* End PBXGroup section */

/* Begin PBXNativeTarget section */
		F9FCED401D0854E3003BCE81 /* DiscountAsciiWarehouse */ = {
			isa = PBXNativeTarget;
			buildConfigurationList = F9FCED691D0854E3003BCE81 /* Build configuration list for PBXNativeTarget "DiscountAsciiWarehouse" */;
			buildPhases = (
				F9FCED3D1D0854E3003BCE81 /* Sources */,
				F9FCED3E1D0854E3003BCE81 /* Frameworks */,
				F9FCED3F1D0854E3003BCE81 /* Resources */,
			);
			buildRules = (
			);
			dependencies = (
			);
			name = DiscountAsciiWarehouse;
			productName = DiscountAsciiWarehouse;
			productReference = F9FCED411D0854E3003BCE81 /* DiscountAsciiWarehouse.app */;
			productType = "com.apple.product-type.application";
		};
		F9FCED541D0854E3003BCE81 /* DiscountAsciiWarehouseTests */ = {
			isa = PBXNativeTarget;
			buildConfigurationList = F9FCED6C1D0854E3003BCE81 /* Build configuration list for PBXNativeTarget "DiscountAsciiWarehouseTests" */;
			buildPhases = (
				F9FCED511D0854E3003BCE81 /* Sources */,
				F9FCED521D0854E3003BCE81 /* Frameworks */,
				F9FCED531D0854E3003BCE81 /* Resources */,
			);
			buildRules = (
			);
			dependencies = (
				F9FCED571D0854E3003BCE81 /* PBXTargetDependency */,
			);
			name = DiscountAsciiWarehouseTests;
			productName = DiscountAsciiWarehouseTests;
			productReference = F9FCED551D0854E3003BCE81 /* DiscountAsciiWarehouseTests.xctest */;
			productType = "com.apple.product-type.bundle.unit-test";
		};
		F9FCED5F1D0854E3003BCE81 /* DiscountAsciiWarehouseUITests */ = {
			isa = PBXNativeTarget;
			buildConfigurationList = F9FCED6F1D0854E3003BCE81 /* Build configuration list for PBXNativeTarget "DiscountAsciiWarehouseUITests" */;
			buildPhases = (
				F9FCED5C1D0854E3003BCE81 /* Sources */,
				F9FCED5D1D0854E3003BCE81 /* Frameworks */,
				F9FCED5E1D0854E3003BCE81 /* Resources */,
			);
			buildRules = (
			);
			dependencies = (
				F9FCED621D0854E3003BCE81 /* PBXTargetDependency */,
			);
			name = DiscountAsciiWarehouseUITests;
			productName = DiscountAsciiWarehouseUITests;
			productReference = F9FCED601D0854E3003BCE81 /* DiscountAsciiWarehouseUITests.xctest */;
			productType = "com.apple.product-type.bundle.ui-testing";
		};
/* End PBXNativeTarget section */

/* Begin PBXProject section */
		F9FCED391D0854E3003BCE81 /* Project object */ = {
			isa = PBXProject;
			attributes = {
				LastSwiftUpdateCheck = 0730;
				LastUpgradeCheck = 0730;
				ORGANIZATIONNAME = JoelNieman;
				TargetAttributes = {
					F9FCED401D0854E3003BCE81 = {
						CreatedOnToolsVersion = 7.3.1;
						DevelopmentTeam = FGQB5UTP7A;
					};
					F9FCED541D0854E3003BCE81 = {
						CreatedOnToolsVersion = 7.3.1;
						TestTargetID = F9FCED401D0854E3003BCE81;
					};
					F9FCED5F1D0854E3003BCE81 = {
						CreatedOnToolsVersion = 7.3.1;
						TestTargetID = F9FCED401D0854E3003BCE81;
					};
				};
			};
			buildConfigurationList = F9FCED3C1D0854E3003BCE81 /* Build configuration list for PBXProject "DiscountAsciiWarehouse" */;
			compatibilityVersion = "Xcode 3.2";
			developmentRegion = English;
			hasScannedForEncodings = 0;
			knownRegions = (
				en,
				Base,
			);
			mainGroup = F9FCED381D0854E3003BCE81;
			productRefGroup = F9FCED421D0854E3003BCE81 /* Products */;
			projectDirPath = "";
			projectRoot = "";
			targets = (
				F9FCED401D0854E3003BCE81 /* DiscountAsciiWarehouse */,
				F9FCED541D0854E3003BCE81 /* DiscountAsciiWarehouseTests */,
				F9FCED5F1D0854E3003BCE81 /* DiscountAsciiWarehouseUITests */,
			);
		};
/* End PBXProject section */

/* Begin PBXResourcesBuildPhase section */
		F9FCED3F1D0854E3003BCE81 /* Resources */ = {
			isa = PBXResourcesBuildPhase;
			buildActionMask = 2147483647;
			files = (
				F9FCED4F1D0854E3003BCE81 /* LaunchScreen.storyboard in Resources */,
				F9FCED4C1D0854E3003BCE81 /* Assets.xcassets in Resources */,
				F9FCED4A1D0854E3003BCE81 /* Main.storyboard in Resources */,
			);
			runOnlyForDeploymentPostprocessing = 0;
		};
		F9FCED531D0854E3003BCE81 /* Resources */ = {
			isa = PBXResourcesBuildPhase;
			buildActionMask = 2147483647;
			files = (
			);
			runOnlyForDeploymentPostprocessing = 0;
		};
		F9FCED5E1D0854E3003BCE81 /* Resources */ = {
			isa = PBXResourcesBuildPhase;
			buildActionMask = 2147483647;
			files = (
			);
			runOnlyForDeploymentPostprocessing = 0;
		};
/* End PBXResourcesBuildPhase section */

/* Begin PBXSourcesBuildPhase section */
		F9FCED3D1D0854E3003BCE81 /* Sources */ = {
			isa = PBXSourcesBuildPhase;
			buildActionMask = 2147483647;
			files = (
				F92478C71D09E5CF00C137D8 /* CollectionViewController.swift in Sources */,
				F9FCED771D08A6E2003BCE81 /* ProductResponseDelegate.swift in Sources */,
				F9FCED751D085755003BCE81 /* Product.swift in Sources */,
				F9FCED451D0854E3003BCE81 /* AppDelegate.swift in Sources */,
				F92478C31D09DFEE00C137D8 /* ProductCollectionViewController.swift in Sources */,
				F92478C91D09E74300C137D8 /* CustomCell.swift in Sources */,
				F9FCED731D0855D0003BCE81 /* ProductDownloader.swift in Sources */,
			);
			runOnlyForDeploymentPostprocessing = 0;
		};
		F9FCED511D0854E3003BCE81 /* Sources */ = {
			isa = PBXSourcesBuildPhase;
			buildActionMask = 2147483647;
			files = (
				F9FCED5A1D0854E3003BCE81 /* DiscountAsciiWarehouseTests.swift in Sources */,
			);
			runOnlyForDeploymentPostprocessing = 0;
		};
		F9FCED5C1D0854E3003BCE81 /* Sources */ = {
			isa = PBXSourcesBuildPhase;
			buildActionMask = 2147483647;
			files = (
				F9FCED651D0854E3003BCE81 /* DiscountAsciiWarehouseUITests.swift in Sources */,
			);
			runOnlyForDeploymentPostprocessing = 0;
		};
/* End PBXSourcesBuildPhase section */

/* Begin PBXTargetDependency section */
		F9FCED571D0854E3003BCE81 /* PBXTargetDependency */ = {
			isa = PBXTargetDependency;
			target = F9FCED401D0854E3003BCE81 /* DiscountAsciiWarehouse */;
			targetProxy = F9FCED561D0854E3003BCE81 /* PBXContainerItemProxy */;
		};
		F9FCED621D0854E3003BCE81 /* PBXTargetDependency */ = {
			isa = PBXTargetDependency;
			target = F9FCED401D0854E3003BCE81 /* DiscountAsciiWarehouse */;
			targetProxy = F9FCED611D0854E3003BCE81 /* PBXContainerItemProxy */;
		};
/* End PBXTargetDependency section */

/* Begin PBXVariantGroup section */
		F9FCED481D0854E3003BCE81 /* Main.storyboard */ = {
			isa = PBXVariantGroup;
			children = (
				F9FCED491D0854E3003BCE81 /* Base */,
			);
			name = Main.storyboard;
			sourceTree = "<group>";
		};
		F9FCED4D1D0854E3003BCE81 /* LaunchScreen.storyboard */ = {
			isa = PBXVariantGroup;
			children = (
				F9FCED4E1D0854E3003BCE81 /* Base */,
			);
			name = LaunchScreen.storyboard;
			sourceTree = "<group>";
		};
/* End PBXVariantGroup section */

/* Begin XCBuildConfiguration section */
		F9FCED671D0854E3003BCE81 /* Debug */ = {
			isa = XCBuildConfiguration;
			buildSettings = {
				ALWAYS_SEARCH_USER_PATHS = NO;
				CLANG_ANALYZER_NONNULL = YES;
				CLANG_CXX_LANGUAGE_STANDARD = "gnu++0x";
				CLANG_CXX_LIBRARY = "libc++";
				CLANG_ENABLE_MODULES = YES;
				CLANG_ENABLE_OBJC_ARC = YES;
				CLANG_WARN_BOOL_CONVERSION = YES;
				CLANG_WARN_CONSTANT_CONVERSION = YES;
				CLANG_WARN_DIRECT_OBJC_ISA_USAGE = YES_ERROR;
				CLANG_WARN_EMPTY_BODY = YES;
				CLANG_WARN_ENUM_CONVERSION = YES;
				CLANG_WARN_INT_CONVERSION = YES;
				CLANG_WARN_OBJC_ROOT_CLASS = YES_ERROR;
				CLANG_WARN_UNREACHABLE_CODE = YES;
				CLANG_WARN__DUPLICATE_METHOD_MATCH = YES;
				"CODE_SIGN_IDENTITY[sdk=iphoneos*]" = "iPhone Developer";
				COPY_PHASE_STRIP = NO;
				DEBUG_INFORMATION_FORMAT = dwarf;
				ENABLE_STRICT_OBJC_MSGSEND = YES;
				ENABLE_TESTABILITY = YES;
				GCC_C_LANGUAGE_STANDARD = gnu99;
				GCC_DYNAMIC_NO_PIC = NO;
				GCC_NO_COMMON_BLOCKS = YES;
				GCC_OPTIMIZATION_LEVEL = 0;
				GCC_PREPROCESSOR_DEFINITIONS = (
					"DEBUG=1",
					"$(inherited)",
				);
				GCC_WARN_64_TO_32_BIT_CONVERSION = YES;
				GCC_WARN_ABOUT_RETURN_TYPE = YES_ERROR;
				GCC_WARN_UNDECLARED_SELECTOR = YES;
				GCC_WARN_UNINITIALIZED_AUTOS = YES_AGGRESSIVE;
				GCC_WARN_UNUSED_FUNCTION = YES;
				GCC_WARN_UNUSED_VARIABLE = YES;
				IPHONEOS_DEPLOYMENT_TARGET = 9.3;
				MTL_ENABLE_DEBUG_INFO = YES;
				ONLY_ACTIVE_ARCH = YES;
				SDKROOT = iphoneos;
				SWIFT_OPTIMIZATION_LEVEL = "-Onone";
			};
			name = Debug;
		};
		F9FCED681D0854E3003BCE81 /* Release */ = {
			isa = XCBuildConfiguration;
			buildSettings = {
				ALWAYS_SEARCH_USER_PATHS = NO;
				CLANG_ANALYZER_NONNULL = YES;
				CLANG_CXX_LANGUAGE_STANDARD = "gnu++0x";
				CLANG_CXX_LIBRARY = "libc++";
				CLANG_ENABLE_MODULES = YES;
				CLANG_ENABLE_OBJC_ARC = YES;
				CLANG_WARN_BOOL_CONVERSION = YES;
				CLANG_WARN_CONSTANT_CONVERSION = YES;
				CLANG_WARN_DIRECT_OBJC_ISA_USAGE = YES_ERROR;
				CLANG_WARN_EMPTY_BODY = YES;
				CLANG_WARN_ENUM_CONVERSION = YES;
				CLANG_WARN_INT_CONVERSION = YES;
				CLANG_WARN_OBJC_ROOT_CLASS = YES_ERROR;
				CLANG_WARN_UNREACHABLE_CODE = YES;
				CLANG_WARN__DUPLICATE_METHOD_MATCH = YES;
				"CODE_SIGN_IDENTITY[sdk=iphoneos*]" = "iPhone Developer";
				COPY_PHASE_STRIP = NO;
				DEBUG_INFORMATION_FORMAT = "dwarf-with-dsym";
				ENABLE_NS_ASSERTIONS = NO;
				ENABLE_STRICT_OBJC_MSGSEND = YES;
				GCC_C_LANGUAGE_STANDARD = gnu99;
				GCC_NO_COMMON_BLOCKS = YES;
				GCC_WARN_64_TO_32_BIT_CONVERSION = YES;
				GCC_WARN_ABOUT_RETURN_TYPE = YES_ERROR;
				GCC_WARN_UNDECLARED_SELECTOR = YES;
				GCC_WARN_UNINITIALIZED_AUTOS = YES_AGGRESSIVE;
				GCC_WARN_UNUSED_FUNCTION = YES;
				GCC_WARN_UNUSED_VARIABLE = YES;
				IPHONEOS_DEPLOYMENT_TARGET = 9.3;
				MTL_ENABLE_DEBUG_INFO = NO;
				SDKROOT = iphoneos;
				VALIDATE_PRODUCT = YES;
			};
			name = Release;
		};
		F9FCED6A1D0854E3003BCE81 /* Debug */ = {
			isa = XCBuildConfiguration;
			buildSettings = {
				ASSETCATALOG_COMPILER_APPICON_NAME = AppIcon;
				CODE_SIGN_IDENTITY = "iPhone Developer";
				"CODE_SIGN_IDENTITY[sdk=iphoneos*]" = "iPhone Developer";
				INFOPLIST_FILE = DiscountAsciiWarehouse/Info.plist;
				IPHONEOS_DEPLOYMENT_TARGET = 7.0;
				LD_RUNPATH_SEARCH_PATHS = "$(inherited) @executable_path/Frameworks";
				PRODUCT_BUNDLE_IDENTIFIER = com.JoelNieman.DiscountAsciiWarehouse;
				PRODUCT_NAME = "$(TARGET_NAME)";
				PROVISIONING_PROFILE = "";
			};
			name = Debug;
		};
		F9FCED6B1D0854E3003BCE81 /* Release */ = {
			isa = XCBuildConfiguration;
			buildSettings = {
				ASSETCATALOG_COMPILER_APPICON_NAME = AppIcon;
				CODE_SIGN_IDENTITY = "iPhone Developer";
				"CODE_SIGN_IDENTITY[sdk=iphoneos*]" = "iPhone Developer";
				INFOPLIST_FILE = DiscountAsciiWarehouse/Info.plist;
				IPHONEOS_DEPLOYMENT_TARGET = 7.0;
				LD_RUNPATH_SEARCH_PATHS = "$(inherited) @executable_path/Frameworks";
				PRODUCT_BUNDLE_IDENTIFIER = com.JoelNieman.DiscountAsciiWarehouse;
				PRODUCT_NAME = "$(TARGET_NAME)";
				PROVISIONING_PROFILE = "";
			};
			name = Release;
		};
		F9FCED6D1D0854E3003BCE81 /* Debug */ = {
			isa = XCBuildConfiguration;
			buildSettings = {
				BUNDLE_LOADER = "$(TEST_HOST)";
				INFOPLIST_FILE = DiscountAsciiWarehouseTests/Info.plist;
				LD_RUNPATH_SEARCH_PATHS = "$(inherited) @executable_path/Frameworks @loader_path/Frameworks";
				PRODUCT_BUNDLE_IDENTIFIER = com.JoelNieman.DiscountAsciiWarehouseTests;
				PRODUCT_NAME = "$(TARGET_NAME)";
				TEST_HOST = "$(BUILT_PRODUCTS_DIR)/DiscountAsciiWarehouse.app/DiscountAsciiWarehouse";
			};
			name = Debug;
		};
		F9FCED6E1D0854E3003BCE81 /* Release */ = {
			isa = XCBuildConfiguration;
			buildSettings = {
				BUNDLE_LOADER = "$(TEST_HOST)";
				INFOPLIST_FILE = DiscountAsciiWarehouseTests/Info.plist;
				LD_RUNPATH_SEARCH_PATHS = "$(inherited) @executable_path/Frameworks @loader_path/Frameworks";
				PRODUCT_BUNDLE_IDENTIFIER = com.JoelNieman.DiscountAsciiWarehouseTests;
				PRODUCT_NAME = "$(TARGET_NAME)";
				TEST_HOST = "$(BUILT_PRODUCTS_DIR)/DiscountAsciiWarehouse.app/DiscountAsciiWarehouse";
			};
			name = Release;
		};
		F9FCED701D0854E3003BCE81 /* Debug */ = {
			isa = XCBuildConfiguration;
			buildSettings = {
				INFOPLIST_FILE = DiscountAsciiWarehouseUITests/Info.plist;
				LD_RUNPATH_SEARCH_PATHS = "$(inherited) @executable_path/Frameworks @loader_path/Frameworks";
				PRODUCT_BUNDLE_IDENTIFIER = com.JoelNieman.DiscountAsciiWarehouseUITests;
				PRODUCT_NAME = "$(TARGET_NAME)";
				TEST_TARGET_NAME = DiscountAsciiWarehouse;
			};
			name = Debug;
		};
		F9FCED711D0854E3003BCE81 /* Release */ = {
			isa = XCBuildConfiguration;
			buildSettings = {
				INFOPLIST_FILE = DiscountAsciiWarehouseUITests/Info.plist;
				LD_RUNPATH_SEARCH_PATHS = "$(inherited) @executable_path/Frameworks @loader_path/Frameworks";
				PRODUCT_BUNDLE_IDENTIFIER = com.JoelNieman.DiscountAsciiWarehouseUITests;
				PRODUCT_NAME = "$(TARGET_NAME)";
				TEST_TARGET_NAME = DiscountAsciiWarehouse;
			};
			name = Release;
		};
/* End XCBuildConfiguration section */

/* Begin XCConfigurationList section */
		F9FCED3C1D0854E3003BCE81 /* Build configuration list for PBXProject "DiscountAsciiWarehouse" */ = {
			isa = XCConfigurationList;
			buildConfigurations = (
				F9FCED671D0854E3003BCE81 /* Debug */,
				F9FCED681D0854E3003BCE81 /* Release */,
			);
			defaultConfigurationIsVisible = 0;
			defaultConfigurationName = Release;
		};
		F9FCED691D0854E3003BCE81 /* Build configuration list for PBXNativeTarget "DiscountAsciiWarehouse" */ = {
			isa = XCConfigurationList;
			buildConfigurations = (
				F9FCED6A1D0854E3003BCE81 /* Debug */,
				F9FCED6B1D0854E3003BCE81 /* Release */,
			);
			defaultConfigurationIsVisible = 0;
			defaultConfigurationName = Release;
		};
		F9FCED6C1D0854E3003BCE81 /* Build configuration list for PBXNativeTarget "DiscountAsciiWarehouseTests" */ = {
			isa = XCConfigurationList;
			buildConfigurations = (
				F9FCED6D1D0854E3003BCE81 /* Debug */,
				F9FCED6E1D0854E3003BCE81 /* Release */,
			);
			defaultConfigurationIsVisible = 0;
			defaultConfigurationName = Release;
		};
		F9FCED6F1D0854E3003BCE81 /* Build configuration list for PBXNativeTarget "DiscountAsciiWarehouseUITests" */ = {
			isa = XCConfigurationList;
			buildConfigurations = (
				F9FCED701D0854E3003BCE81 /* Debug */,
				F9FCED711D0854E3003BCE81 /* Release */,
			);
			defaultConfigurationIsVisible = 0;
			defaultConfigurationName = Release;
		};
/* End XCConfigurationList section */
	};
	rootObject = F9FCED391D0854E3003BCE81 /* Project object */;
}
